
Microsoft Visual Studio Solution File, Format Version 12.00
# Visual Studio Version 16
VisualStudioVersion = 16.0.31613.86
MinimumVisualStudioVersion = 10.0.40219.1
Project("{FAE04EC0-301F-11D3-BF4B-00C04F79EFBC}") = "MediaShelf.Android", "MediaShelf\MediaShelf.Android\MediaShelf.Android.csproj", "{78286D29-915C-40C1-88F5-106E386A8C6D}"
EndProject
Project("{FAE04EC0-301F-11D3-BF4B-00C04F79EFBC}") = "MediaShelf", "MediaShelf\MediaShelf\MediaShelf.csproj", "{2BD87547-F6D2-4B3F-871B-558CAD25E16B}"
EndProject
Global
	GlobalSection(SolutionConfigurationPlatforms) = preSolution
		Debug|Any CPU = Debug|Any CPU
		Release|Any CPU = Release|Any CPU
	EndGlobalSection
	GlobalSection(ProjectConfigurationPlatforms) = postSolution
		{78286D29-915C-40C1-88F5-106E386A8C6D}.Debug|Any CPU.ActiveCfg = Debug|Any CPU
		{78286D29-915C-40C1-88F5-106E386A8C6D}.Debug|Any CPU.Build.0 = Debug|Any CPU
		{78286D29-915C-40C1-88F5-106E386A8C6D}.Debug|Any CPU.Deploy.0 = Debug|Any CPU
		{78286D29-915C-40C1-88F5-106E386A8C6D}.Release|Any CPU.ActiveCfg = Release|Any CPU
		{78286D29-915C-40C1-88F5-106E386A8C6D}.Release|Any CPU.Build.0 = Release|Any CPU
		{78286D29-915C-40C1-88F5-106E386A8C6D}.Release|Any CPU.Deploy.0 = Release|Any CPU
		{2BD87547-F6D2-4B3F-871B-558CAD25E16B}.Debug|Any CPU.ActiveCfg = Debug|Any CPU
		{2BD87547-F6D2-4B3F-871B-558CAD25E16B}.Debug|Any CPU.Build.0 = Debug|Any CPU
		{2BD87547-F6D2-4B3F-871B-558CAD25E16B}.Debug|Any CPU.Deploy.0 = Debug|Any CPU
		{2BD87547-F6D2-4B3F-871B-558CAD25E16B}.Release|Any CPU.ActiveCfg = Release|Any CPU
		{2BD87547-F6D2-4B3F-871B-558CAD25E16B}.Release|Any CPU.Build.0 = Release|Any CPU
		{2BD87547-F6D2-4B3F-871B-558CAD25E16B}.Release|Any CPU.Deploy.0 = Release|Any CPU
	EndGlobalSection
	GlobalSection(SolutionProperties) = preSolution
		HideSolutionNode = FALSE
	EndGlobalSection
	GlobalSection(ExtensibilityGlobals) = postSolution
		SolutionGuid = {04C8DD71-8105-44E9-855A-A0456BEF774E}
	EndGlobalSection
EndGlobal
